
Microsoft Visual Studio Solution File, Format Version 12.00
# Visual Studio Version 16
VisualStudioVersion = 16.0.30225.117
MinimumVisualStudioVersion = 10.0.40219.1
Project("{FAE04EC0-301F-11D3-BF4B-00C04F79EFBC}") = "Strategy", "Strategy\Strategy.csproj", "{BC3EA612-4F49-4FAB-BDDE-813736BC9E88}"
EndProject
Global
	GlobalSection(SolutionConfigurationPlatforms) = preSolution
		Debug|Any CPU = Debug|Any CPU
		Release|Any CPU = Release|Any CPU
	EndGlobalSection
	GlobalSection(ProjectConfigurationPlatforms) = postSolution
		{BC3EA612-4F49-4FAB-BDDE-813736BC9E88}.Debug|Any CPU.ActiveCfg = Debug|Any CPU
		{BC3EA612-4F49-4FAB-BDDE-813736BC9E88}.Debug|Any CPU.Build.0 = Debug|Any CPU
		{BC3EA612-4F49-4FAB-BDDE-813736BC9E88}.Release|Any CPU.ActiveCfg = Release|Any CPU
		{BC3EA612-4F49-4FAB-BDDE-813736BC9E88}.Release|Any CPU.Build.0 = Release|Any CPU
	EndGlobalSection
	GlobalSection(SolutionProperties) = preSolution
		HideSolutionNode = FALSE
	EndGlobalSection
	GlobalSection(ExtensibilityGlobals) = postSolution
		SolutionGuid = {C88A87A4-50D1-43D5-958B-61E36B4452E3}
	EndGlobalSection
EndGlobal
